PODS:
  - Tor (408.20.1):
    - Tor/CTor (= 408.20.1)
  - Tor/Core (408.20.1)
  - Tor/CTor (408.20.1):
    - Tor/Core

DEPENDENCIES:
  - Tor

SPEC REPOS:
  trunk:
    - Tor

SPEC CHECKSUMS:
  Tor: 7c856b8d6d0d2a50dd6492092556d389632685ac

PODFILE CHECKSUM: 241c5f695eee1ea585cf92a34e594b0a0c69a6bb

COCOAPODS: 1.16.2
