PODS:
  - Tor (408.21.1):
    - Tor/CTor (= 408.21.1)
  - Tor/Core (408.21.1)
  - Tor/CTor (408.21.1):
    - Tor/Core

DEPENDENCIES:
  - Tor

SPEC REPOS:
  trunk:
    - Tor

SPEC CHECKSUMS:
  Tor: 1505b0cfa8b0ad7d48a2ab9d260ec47b21789a70

PODFILE CHECKSUM: 241c5f695eee1ea585cf92a34e594b0a0c69a6bb

COCOAPODS: 1.16.2
