// !$*UTF8*$!
{
	archiveVersion = 1;
	classes = {
	};
	objectVersion = 56;
	objects = {

/* Begin PBXBuildFile section */
		0A0632B02CD06B470059FAD4 /* Reindex.command in Resources */ = {isa = PBXBuildFile; fileRef = 0A0632AF2CD06B470059FAD4 /* Reindex.command */; };
		0A573E1A2CA4715500899F84 /* TorClient.swift in Sources */ = {isa = PBXBuildFile; fileRef = 0A573E192CA4715400899F84 /* TorClient.swift */; };
		0A573E1D2CADC15400899F84 /* KillBitcoind.command in Resources */ = {isa = PBXBuildFile; fileRef = 0A573E1C2CADC15400899F84 /* KillBitcoind.command */; };
		0A573E1F2CADC5CF00899F84 /* Torrc.swift in Sources */ = {isa = PBXBuildFile; fileRef = 0A573E1E2CADC5CF00899F84 /* Torrc.swift */; };
		0A573E232CB432D200899F84 /* LightningNodeId.command in Resources */ = {isa = PBXBuildFile; fileRef = 0A573E222CB432D200899F84 /* LightningNodeId.command */; };
		0A573E252CB435F200899F84 /* GetInfo.swift in Sources */ = {isa = PBXBuildFile; fileRef = 0A573E242CB435F200899F84 /* GetInfo.swift */; };
		0A573E312CB577D100899F84 /* GetRune.command in Resources */ = {isa = PBXBuildFile; fileRef = 0A573E302CB577D100899F84 /* GetRune.command */; };
		0A573E332CB578B300899F84 /* Rune.swift in Sources */ = {isa = PBXBuildFile; fileRef = 0A573E322CB578B300899F84 /* Rune.swift */; };
		0A5CE8C62C89E87100534A8D /* LatestBtcCoreRelease.swift in Sources */ = {isa = PBXBuildFile; fileRef = 0A5CE8C52C89E87100534A8D /* LatestBtcCoreRelease.swift */; };
		0A5CE8C82C89EB2400534A8D /* InstallBtcCore.swift in Sources */ = {isa = PBXBuildFile; fileRef = 0A5CE8C72C89EB2400534A8D /* InstallBtcCore.swift */; };
		0A5CE8CA2C89EB8100534A8D /* BitcoinConf.swift in Sources */ = {isa = PBXBuildFile; fileRef = 0A5CE8C92C89EB8100534A8D /* BitcoinConf.swift */; };
		0A5CE8CC2C89EBB300534A8D /* Defaults.swift in Sources */ = {isa = PBXBuildFile; fileRef = 0A5CE8CB2C89EBB300534A8D /* Defaults.swift */; };
		0A5CE8CE2C89EC1F00534A8D /* RPCAuth.swift in Sources */ = {isa = PBXBuildFile; fileRef = 0A5CE8CD2C89EC1F00534A8D /* RPCAuth.swift */; };
		0A5CE8D02C89EC3700534A8D /* Extensions.swift in Sources */ = {isa = PBXBuildFile; fileRef = 0A5CE8CF2C89EC3700534A8D /* Extensions.swift */; };
		0A5CE8D42C89EE1C00534A8D /* Credentials.swift in Sources */ = {isa = PBXBuildFile; fileRef = 0A5CE8D32C89EE1C00534A8D /* Credentials.swift */; };
		0A5CE8DA2C8A181D00534A8D /* BrewInstalled.command in Resources */ = {isa = PBXBuildFile; fileRef = 0A5CE8D92C8A181D00534A8D /* BrewInstalled.command */; };
		0A5CE8DC2C8A1DAA00534A8D /* InstallLightning.command in Resources */ = {isa = PBXBuildFile; fileRef = 0A5CE8DB2C8A1DAA00534A8D /* InstallLightning.command */; };
		0A5CE8DE2C8A225A00534A8D /* LaunchLightningInstall.command in Resources */ = {isa = PBXBuildFile; fileRef = 0A5CE8DD2C8A225A00534A8D /* LaunchLightningInstall.command */; };
		0A5CE8E02C8A2ADE00534A8D /* CheckForLightning.command in Resources */ = {isa = PBXBuildFile; fileRef = 0A5CE8DF2C8A2ADE00534A8D /* CheckForLightning.command */; };
		0A5CE8E22C8A2F4000534A8D /* IsLightningOn.command in Resources */ = {isa = PBXBuildFile; fileRef = 0A5CE8E12C8A2F4000534A8D /* IsLightningOn.command */; };
		0A5CE8E42C91EA2C00534A8D /* DataManager.swift in Sources */ = {isa = PBXBuildFile; fileRef = 0A5CE8E32C91EA2C00534A8D /* DataManager.swift */; };
		0A5CE8E62C91EC6800534A8D /* BitcoinEnv.swift in Sources */ = {isa = PBXBuildFile; fileRef = 0A5CE8E52C91EC6800534A8D /* BitcoinEnv.swift */; };
		0A5CE8E82C91F2E500534A8D /* CoreLightning.swift in Sources */ = {isa = PBXBuildFile; fileRef = 0A5CE8E72C91F2E500534A8D /* CoreLightning.swift */; };
		0A5CE8EE2C91F9F500534A8D /* Crypto.swift in Sources */ = {isa = PBXBuildFile; fileRef = 0A5CE8ED2C91F9F500534A8D /* Crypto.swift */; };
		0A5CE8F02C91FA1800534A8D /* KeyChain.swift in Sources */ = {isa = PBXBuildFile; fileRef = 0A5CE8EF2C91FA1800534A8D /* KeyChain.swift */; };
		0A5CE8F22C91FE2A00534A8D /* StartLightning.command in Resources */ = {isa = PBXBuildFile; fileRef = 0A5CE8F12C91FE2A00534A8D /* StartLightning.command */; };
		0A5CE8F62C92013D00534A8D /* StopLightning.command in Resources */ = {isa = PBXBuildFile; fileRef = 0A5CE8F52C92013900534A8D /* StopLightning.command */; };
		0A9822E12CA4263E008DB52E /* GithubReleases.swift in Sources */ = {isa = PBXBuildFile; fileRef = 0A9822E02CA4263E008DB52E /* GithubReleases.swift */; };
		0A9822E32CA42BEC008DB52E /* TaggedReleasesView.swift in Sources */ = {isa = PBXBuildFile; fileRef = 0A9822E22CA42BEC008DB52E /* TaggedReleasesView.swift */; };
		0AA43FD02CCE1B3D0049D4AD /* BlockchainInfo.swift in Sources */ = {isa = PBXBuildFile; fileRef = 0AA43FCF2CCE1B3D0049D4AD /* BlockchainInfo.swift */; };
		0AA692352C7F831D00366192 /* FullyNoded_ServerApp.swift in Sources */ = {isa = PBXBuildFile; fileRef = 0AA692342C7F831D00366192 /* FullyNoded_ServerApp.swift */; };
		0AA6923A2C7F831D00366192 /* FullyNoded_Server.xcdatamodeld in Sources */ = {isa = PBXBuildFile; fileRef = 0AA692382C7F831D00366192 /* FullyNoded_Server.xcdatamodeld */; };
		0AA6923C2C7F831D00366192 /* ContentView.swift in Sources */ = {isa = PBXBuildFile; fileRef = 0AA6923B2C7F831D00366192 /* ContentView.swift */; };
		0AA6923E2C7F831F00366192 /* Assets.xcassets in Resources */ = {isa = PBXBuildFile; fileRef = 0AA6923D2C7F831F00366192 /* Assets.xcassets */; };
		0AA692422C7F831F00366192 /* Preview Assets.xcassets in Resources */ = {isa = PBXBuildFile; fileRef = 0AA692412C7F831F00366192 /* Preview Assets.xcassets */; };
		0AA692492C7F874900366192 /* BitcoinCore.swift in Sources */ = {isa = PBXBuildFile; fileRef = 0AA692482C7F874900366192 /* BitcoinCore.swift */; };
		0AA6924B2C7F89E800366192 /* Script.swift in Sources */ = {isa = PBXBuildFile; fileRef = 0AA6924A2C7F89E800366192 /* Script.swift */; };
		0AA6925E2C7F8EC700366192 /* CheckForBitcoinCore.command in Resources */ = {isa = PBXBuildFile; fileRef = 0AA6924C2C7F8EC700366192 /* CheckForBitcoinCore.command */; };
		0AA6925F2C7F8EC700366192 /* CheckXCodeSelect.command in Resources */ = {isa = PBXBuildFile; fileRef = 0AA6924D2C7F8EC700366192 /* CheckXCodeSelect.command */; };
		0AA692612C7F8EC700366192 /* InstallBrew.command in Resources */ = {isa = PBXBuildFile; fileRef = 0AA6924F2C7F8EC700366192 /* InstallBrew.command */; };
		0AA692622C7F8EC700366192 /* InstallXcode.command in Resources */ = {isa = PBXBuildFile; fileRef = 0AA692502C7F8EC700366192 /* InstallXcode.command */; };
		0AA692632C7F8EC700366192 /* IsProcessRunning.command in Resources */ = {isa = PBXBuildFile; fileRef = 0AA692512C7F8EC700366192 /* IsProcessRunning.command */; };
		0AA692642C7F8EC700366192 /* LaunchBrewInstall.command in Resources */ = {isa = PBXBuildFile; fileRef = 0AA692522C7F8EC700366192 /* LaunchBrewInstall.command */; };
		0AA692652C7F8EC700366192 /* LaunchInstaller.command in Resources */ = {isa = PBXBuildFile; fileRef = 0AA692532C7F8EC700366192 /* LaunchInstaller.command */; };
		0AA692662C7F8EC700366192 /* LaunchStrap.command in Resources */ = {isa = PBXBuildFile; fileRef = 0AA692542C7F8EC700366192 /* LaunchStrap.command */; };
		0AA692672C7F8EC700366192 /* LaunchVerifier.command in Resources */ = {isa = PBXBuildFile; fileRef = 0AA692552C7F8EC700366192 /* LaunchVerifier.command */; };
		0AA692682C7F8EC700366192 /* LaunchXcodeInstall.command in Resources */ = {isa = PBXBuildFile; fileRef = 0AA692562C7F8EC700366192 /* LaunchXcodeInstall.command */; };
		0AA692692C7F8EC700366192 /* OpenFile.command in Resources */ = {isa = PBXBuildFile; fileRef = 0AA692572C7F8EC700366192 /* OpenFile.command */; };
		0AA6926A2C7F8EC700366192 /* InstallBitcoin.command in Resources */ = {isa = PBXBuildFile; fileRef = 0AA692582C7F8EC700366192 /* InstallBitcoin.command */; };
		0AA6926B2C7F8EC700366192 /* StartBitcoin.command in Resources */ = {isa = PBXBuildFile; fileRef = 0AA692592C7F8EC700366192 /* StartBitcoin.command */; };
		0AA6926C2C7F8EC700366192 /* StopBitcoin.command in Resources */ = {isa = PBXBuildFile; fileRef = 0AA6925A2C7F8EC700366192 /* StopBitcoin.command */; };
		0AA6926D2C7F8EC700366192 /* Strap.command in Resources */ = {isa = PBXBuildFile; fileRef = 0AA6925B2C7F8EC700366192 /* Strap.command */; };
		0AA6926E2C7F8EC700366192 /* Verify.command in Resources */ = {isa = PBXBuildFile; fileRef = 0AA6925C2C7F8EC700366192 /* Verify.command */; };
		0AA692702C7F962A00366192 /* Home.swift in Sources */ = {isa = PBXBuildFile; fileRef = 0AA6926F2C7F962A00366192 /* Home.swift */; };
		0AA692722C80B01A00366192 /* BitcoinRPC.swift in Sources */ = {isa = PBXBuildFile; fileRef = 0AA692712C80B01A00366192 /* BitcoinRPC.swift */; };
		0AC92C2B2CFE5F4600F10EC6 /* UpdateLightning.command in Resources */ = {isa = PBXBuildFile; fileRef = 0AC92C2A2CFE5F4600F10EC6 /* UpdateLightning.command */; };
		0AC92C2D2CFE5FC300F10EC6 /* LaunchUpdateLightning.command in Resources */ = {isa = PBXBuildFile; fileRef = 0AC92C2C2CFE5FC300F10EC6 /* LaunchUpdateLightning.command */; };
		0AD7BE0D2CB97F4100428D02 /* LatestJoinMarketRelease.swift in Sources */ = {isa = PBXBuildFile; fileRef = 0AD7BE0C2CB97F4100428D02 /* LatestJoinMarketRelease.swift */; };
		0AD7BE0F2CB980D500428D02 /* JoinMarketTaggedReleases.swift in Sources */ = {isa = PBXBuildFile; fileRef = 0AD7BE0E2CB980D500428D02 /* JoinMarketTaggedReleases.swift */; };
		0AD7BE112CBD6AA500428D02 /* InstallJoinMarket.command in Resources */ = {isa = PBXBuildFile; fileRef = 0AD7BE102CBD6AA500428D02 /* InstallJoinMarket.command */; };
		0AD7BE132CBD6F1000428D02 /* Assets.swift in Sources */ = {isa = PBXBuildFile; fileRef = 0AD7BE122CBD6F1000428D02 /* Assets.swift */; };
		0AD7BE152CBD7AC100428D02 /* LaunchJMInstaller.command in Resources */ = {isa = PBXBuildFile; fileRef = 0AD7BE142CBD7AC100428D02 /* LaunchJMInstaller.command */; };
		0AD7BE172CBD8DA000428D02 /* JoinMarket.swift in Sources */ = {isa = PBXBuildFile; fileRef = 0AD7BE162CBD8DA000428D02 /* JoinMarket.swift */; };
		0AD7BE192CBD919600428D02 /* JMRPC.swift in Sources */ = {isa = PBXBuildFile; fileRef = 0AD7BE182CBD919600428D02 /* JMRPC.swift */; };
		0AD7BE1B2CBD921100428D02 /* Commands.swift in Sources */ = {isa = PBXBuildFile; fileRef = 0AD7BE1A2CBD921100428D02 /* Commands.swift */; };
		0AD7BE1D2CBD923300428D02 /* JMWallet.swift in Sources */ = {isa = PBXBuildFile; fileRef = 0AD7BE1C2CBD923300428D02 /* JMWallet.swift */; };
		0AD7BE212CC2B1F100428D02 /* StartJm.command in Resources */ = {isa = PBXBuildFile; fileRef = 0AD7BE202CC2B1F100428D02 /* StartJm.command */; };
		0AD7BE232CC2B47400428D02 /* LaunchJMStarter.command in Resources */ = {isa = PBXBuildFile; fileRef = 0AD7BE222CC2B47400428D02 /* LaunchJMStarter.command */; };
		0AD7BE252CC2BCEF00428D02 /* StopJm.command in Resources */ = {isa = PBXBuildFile; fileRef = 0AD7BE242CC2BCEF00428D02 /* StopJm.command */; };
		0AF736212D00D0900026FE0A /* Help.swift in Sources */ = {isa = PBXBuildFile; fileRef = 0AF736202D00D0900026FE0A /* Help.swift */; };
		593A891F2CE28334001504F0 /* IncreaseGapLimit.command in Resources */ = {isa = PBXBuildFile; fileRef = 593A891E2CE28334001504F0 /* IncreaseGapLimit.command */; };
		593A89212CE28400001504F0 /* LaunchIncreaseGapLimit.command in Resources */ = {isa = PBXBuildFile; fileRef = 593A89202CE28400001504F0 /* LaunchIncreaseGapLimit.command */; };
		593A89232CE511F8001504F0 /* FNIcon.swift in Sources */ = {isa = PBXBuildFile; fileRef = 593A89222CE511F8001504F0 /* FNIcon.swift */; };
		593A89252CE519B3001504F0 /* LaunchObWatcher.command in Resources */ = {isa = PBXBuildFile; fileRef = 593A89242CE519B3001504F0 /* LaunchObWatcher.command */; };
		593A89272CE51A35001504F0 /* ObWatcher.command in Resources */ = {isa = PBXBuildFile; fileRef = 593A89262CE51A35001504F0 /* ObWatcher.command */; };
		593A89292CE6797C001504F0 /* Entity.swift in Sources */ = {isa = PBXBuildFile; fileRef = 593A89282CE6797C001504F0 /* Entity.swift */; };
		BF3EE5E9CBA2EF2BFB961A21 /* Pods_FullyNoded_Server.framework in Frameworks */ = {isa = PBXBuildFile; fileRef = D69717EDC523941317071BC8 /* Pods_FullyNoded_Server.framework */; };
/* End PBXBuildFile section */

/* Begin PBXFileReference section */
		0A0632AF2CD06B470059FAD4 /* Reindex.command */ = {isa = PBXFileReference; lastKnownFileType = text.script.sh; path = Reindex.command; sourceTree = "<group>"; };
		0A573E192CA4715400899F84 /* TorClient.swift */ = {isa = PBXFileReference; lastKnownFileType = sourcecode.swift; path = TorClient.swift; sourceTree = "<group>"; };
		0A573E1B2CA47BC900899F84 /* Info.plist */ = {isa = PBXFileReference; lastKnownFileType = text.plist; path = Info.plist; sourceTree = "<group>"; };
		0A573E1C2CADC15400899F84 /* KillBitcoind.command */ = {isa = PBXFileReference; lastKnownFileType = text.script.sh; path = KillBitcoind.command; sourceTree = "<group>"; };
		0A573E1E2CADC5CF00899F84 /* Torrc.swift */ = {isa = PBXFileReference; lastKnownFileType = sourcecode.swift; path = Torrc.swift; sourceTree = "<group>"; };
		0A573E222CB432D200899F84 /* LightningNodeId.command */ = {isa = PBXFileReference; lastKnownFileType = text.script.sh; path = LightningNodeId.command; sourceTree = "<group>"; };
		0A573E242CB435F200899F84 /* GetInfo.swift */ = {isa = PBXFileReference; lastKnownFileType = sourcecode.swift; path = GetInfo.swift; sourceTree = "<group>"; };
		0A573E302CB577D100899F84 /* GetRune.command */ = {isa = PBXFileReference; lastKnownFileType = text.script.sh; path = GetRune.command; sourceTree = "<group>"; };
		0A573E322CB578B300899F84 /* Rune.swift */ = {isa = PBXFileReference; lastKnownFileType = sourcecode.swift; path = Rune.swift; sourceTree = "<group>"; };
		0A5CE8C52C89E87100534A8D /* LatestBtcCoreRelease.swift */ = {isa = PBXFileReference; lastKnownFileType = sourcecode.swift; path = LatestBtcCoreRelease.swift; sourceTree = "<group>"; };
		0A5CE8C72C89EB2400534A8D /* InstallBtcCore.swift */ = {isa = PBXFileReference; lastKnownFileType = sourcecode.swift; path = InstallBtcCore.swift; sourceTree = "<group>"; };
		0A5CE8C92C89EB8100534A8D /* BitcoinConf.swift */ = {isa = PBXFileReference; lastKnownFileType = sourcecode.swift; path = BitcoinConf.swift; sourceTree = "<group>"; };
		0A5CE8CB2C89EBB300534A8D /* Defaults.swift */ = {isa = PBXFileReference; lastKnownFileType = sourcecode.swift; path = Defaults.swift; sourceTree = "<group>"; };
		0A5CE8CD2C89EC1F00534A8D /* RPCAuth.swift */ = {isa = PBXFileReference; lastKnownFileType = sourcecode.swift; path = RPCAuth.swift; sourceTree = "<group>"; };
		0A5CE8CF2C89EC3700534A8D /* Extensions.swift */ = {isa = PBXFileReference; lastKnownFileType = sourcecode.swift; path = Extensions.swift; sourceTree = "<group>"; };
		0A5CE8D32C89EE1C00534A8D /* Credentials.swift */ = {isa = PBXFileReference; lastKnownFileType = sourcecode.swift; path = Credentials.swift; sourceTree = "<group>"; };
		0A5CE8D92C8A181D00534A8D /* BrewInstalled.command */ = {isa = PBXFileReference; lastKnownFileType = text.script.sh; path = BrewInstalled.command; sourceTree = "<group>"; };
		0A5CE8DB2C8A1DAA00534A8D /* InstallLightning.command */ = {isa = PBXFileReference; lastKnownFileType = text.script.sh; path = InstallLightning.command; sourceTree = "<group>"; };
		0A5CE8DD2C8A225A00534A8D /* LaunchLightningInstall.command */ = {isa = PBXFileReference; lastKnownFileType = text.script.sh; path = LaunchLightningInstall.command; sourceTree = "<group>"; };
		0A5CE8DF2C8A2ADE00534A8D /* CheckForLightning.command */ = {isa = PBXFileReference; lastKnownFileType = text.script.sh; path = CheckForLightning.command; sourceTree = "<group>"; };
		0A5CE8E12C8A2F4000534A8D /* IsLightningOn.command */ = {isa = PBXFileReference; lastKnownFileType = text.script.sh; path = IsLightningOn.command; sourceTree = "<group>"; };
		0A5CE8E32C91EA2C00534A8D /* DataManager.swift */ = {isa = PBXFileReference; lastKnownFileType = sourcecode.swift; path = DataManager.swift; sourceTree = "<group>"; };
		0A5CE8E52C91EC6800534A8D /* BitcoinEnv.swift */ = {isa = PBXFileReference; lastKnownFileType = sourcecode.swift; path = BitcoinEnv.swift; sourceTree = "<group>"; };
		0A5CE8E72C91F2E500534A8D /* CoreLightning.swift */ = {isa = PBXFileReference; lastKnownFileType = sourcecode.swift; path = CoreLightning.swift; sourceTree = "<group>"; };
		0A5CE8ED2C91F9F500534A8D /* Crypto.swift */ = {isa = PBXFileReference; lastKnownFileType = sourcecode.swift; path = Crypto.swift; sourceTree = "<group>"; };
		0A5CE8EF2C91FA1800534A8D /* KeyChain.swift */ = {isa = PBXFileReference; lastKnownFileType = sourcecode.swift; path = KeyChain.swift; sourceTree = "<group>"; };
		0A5CE8F12C91FE2A00534A8D /* StartLightning.command */ = {isa = PBXFileReference; lastKnownFileType = text.script.sh; path = StartLightning.command; sourceTree = "<group>"; };
		0A5CE8F52C92013900534A8D /* StopLightning.command */ = {isa = PBXFileReference; lastKnownFileType = text.script.sh; path = StopLightning.command; sourceTree = "<group>"; };
		0A9822E02CA4263E008DB52E /* GithubReleases.swift */ = {isa = PBXFileReference; lastKnownFileType = sourcecode.swift; path = GithubReleases.swift; sourceTree = "<group>"; };
		0A9822E22CA42BEC008DB52E /* TaggedReleasesView.swift */ = {isa = PBXFileReference; lastKnownFileType = sourcecode.swift; path = TaggedReleasesView.swift; sourceTree = "<group>"; };
		0AA43FCF2CCE1B3D0049D4AD /* BlockchainInfo.swift */ = {isa = PBXFileReference; lastKnownFileType = sourcecode.swift; path = BlockchainInfo.swift; sourceTree = "<group>"; };
		0AA692312C7F831D00366192 /* FullyNoded-Server.app */ = {isa = PBXFileReference; explicitFileType = wrapper.application; includeInIndex = 0; path = "FullyNoded-Server.app"; sourceTree = BUILT_PRODUCTS_DIR; };
		0AA692342C7F831D00366192 /* FullyNoded_ServerApp.swift */ = {isa = PBXFileReference; lastKnownFileType = sourcecode.swift; path = FullyNoded_ServerApp.swift; sourceTree = "<group>"; };
		0AA692392C7F831D00366192 /* FullyNoded_Server.xcdatamodel */ = {isa = PBXFileReference; lastKnownFileType = wrapper.xcdatamodel; path = FullyNoded_Server.xcdatamodel; sourceTree = "<group>"; };
		0AA6923B2C7F831D00366192 /* ContentView.swift */ = {isa = PBXFileReference; lastKnownFileType = sourcecode.swift; path = ContentView.swift; sourceTree = "<group>"; };
		0AA6923D2C7F831F00366192 /* Assets.xcassets */ = {isa = PBXFileReference; lastKnownFileType = folder.assetcatalog; path = Assets.xcassets; sourceTree = "<group>"; };
		0AA6923F2C7F831F00366192 /* FullyNoded_Server.entitlements */ = {isa = PBXFileReference; lastKnownFileType = text.plist.entitlements; path = FullyNoded_Server.entitlements; sourceTree = "<group>"; };
		0AA692412C7F831F00366192 /* Preview Assets.xcassets */ = {isa = PBXFileReference; lastKnownFileType = folder.assetcatalog; path = "Preview Assets.xcassets"; sourceTree = "<group>"; };
		0AA692482C7F874900366192 /* BitcoinCore.swift */ = {isa = PBXFileReference; lastKnownFileType = sourcecode.swift; path = BitcoinCore.swift; sourceTree = "<group>"; };
		0AA6924A2C7F89E800366192 /* Script.swift */ = {isa = PBXFileReference; lastKnownFileType = sourcecode.swift; path = Script.swift; sourceTree = "<group>"; };
		0AA6924C2C7F8EC700366192 /* CheckForBitcoinCore.command */ = {isa = PBXFileReference; fileEncoding = 4; lastKnownFileType = text.script.sh; path = CheckForBitcoinCore.command; sourceTree = "<group>"; };
		0AA6924D2C7F8EC700366192 /* CheckXCodeSelect.command */ = {isa = PBXFileReference; fileEncoding = 4; lastKnownFileType = text.script.sh; path = CheckXCodeSelect.command; sourceTree = "<group>"; };
		0AA6924F2C7F8EC700366192 /* InstallBrew.command */ = {isa = PBXFileReference; fileEncoding = 4; lastKnownFileType = text.script.sh; path = InstallBrew.command; sourceTree = "<group>"; };
		0AA692502C7F8EC700366192 /* InstallXcode.command */ = {isa = PBXFileReference; fileEncoding = 4; lastKnownFileType = text.script.sh; path = InstallXcode.command; sourceTree = "<group>"; };
		0AA692512C7F8EC700366192 /* IsProcessRunning.command */ = {isa = PBXFileReference; fileEncoding = 4; lastKnownFileType = text.script.sh; path = IsProcessRunning.command; sourceTree = "<group>"; };
		0AA692522C7F8EC700366192 /* LaunchBrewInstall.command */ = {isa = PBXFileReference; fileEncoding = 4; lastKnownFileType = text.script.sh; path = LaunchBrewInstall.command; sourceTree = "<group>"; };
		0AA692532C7F8EC700366192 /* LaunchInstaller.command */ = {isa = PBXFileReference; fileEncoding = 4; lastKnownFileType = text.script.sh; path = LaunchInstaller.command; sourceTree = "<group>"; };
		0AA692542C7F8EC700366192 /* LaunchStrap.command */ = {isa = PBXFileReference; fileEncoding = 4; lastKnownFileType = text.script.sh; path = LaunchStrap.command; sourceTree = "<group>"; };
		0AA692552C7F8EC700366192 /* LaunchVerifier.command */ = {isa = PBXFileReference; fileEncoding = 4; lastKnownFileType = text.script.sh; path = LaunchVerifier.command; sourceTree = "<group>"; };
		0AA692562C7F8EC700366192 /* LaunchXcodeInstall.command */ = {isa = PBXFileReference; fileEncoding = 4; lastKnownFileType = text.script.sh; path = LaunchXcodeInstall.command; sourceTree = "<group>"; };
		0AA692572C7F8EC700366192 /* OpenFile.command */ = {isa = PBXFileReference; fileEncoding = 4; lastKnownFileType = text.script.sh; path = OpenFile.command; sourceTree = "<group>"; };
		0AA692582C7F8EC700366192 /* InstallBitcoin.command */ = {isa = PBXFileReference; fileEncoding = 4; lastKnownFileType = text.script.sh; path = InstallBitcoin.command; sourceTree = "<group>"; };
		0AA692592C7F8EC700366192 /* StartBitcoin.command */ = {isa = PBXFileReference; fileEncoding = 4; lastKnownFileType = text.script.sh; path = StartBitcoin.command; sourceTree = "<group>"; };
		0AA6925A2C7F8EC700366192 /* StopBitcoin.command */ = {isa = PBXFileReference; fileEncoding = 4; lastKnownFileType = text.script.sh; path = StopBitcoin.command; sourceTree = "<group>"; };
		0AA6925B2C7F8EC700366192 /* Strap.command */ = {isa = PBXFileReference; fileEncoding = 4; lastKnownFileType = text.script.sh; path = Strap.command; sourceTree = "<group>"; };
		0AA6925C2C7F8EC700366192 /* Verify.command */ = {isa = PBXFileReference; fileEncoding = 4; lastKnownFileType = text.script.sh; path = Verify.command; sourceTree = "<group>"; };
		0AA6926F2C7F962A00366192 /* Home.swift */ = {isa = PBXFileReference; lastKnownFileType = sourcecode.swift; path = Home.swift; sourceTree = "<group>"; };
		0AA692712C80B01A00366192 /* BitcoinRPC.swift */ = {isa = PBXFileReference; fileEncoding = 4; lastKnownFileType = sourcecode.swift; path = BitcoinRPC.swift; sourceTree = "<group>"; };
		0AC92C2A2CFE5F4600F10EC6 /* UpdateLightning.command */ = {isa = PBXFileReference; lastKnownFileType = text.script.sh; path = UpdateLightning.command; sourceTree = "<group>"; };
		0AC92C2C2CFE5FC300F10EC6 /* LaunchUpdateLightning.command */ = {isa = PBXFileReference; lastKnownFileType = text.script.sh; path = LaunchUpdateLightning.command; sourceTree = "<group>"; };
		0AD7BE0C2CB97F4100428D02 /* LatestJoinMarketRelease.swift */ = {isa = PBXFileReference; lastKnownFileType = sourcecode.swift; path = LatestJoinMarketRelease.swift; sourceTree = "<group>"; };
		0AD7BE0E2CB980D500428D02 /* JoinMarketTaggedReleases.swift */ = {isa = PBXFileReference; lastKnownFileType = sourcecode.swift; path = JoinMarketTaggedReleases.swift; sourceTree = "<group>"; };
		0AD7BE102CBD6AA500428D02 /* InstallJoinMarket.command */ = {isa = PBXFileReference; lastKnownFileType = text.script.sh; path = InstallJoinMarket.command; sourceTree = "<group>"; };
		0AD7BE122CBD6F1000428D02 /* Assets.swift */ = {isa = PBXFileReference; lastKnownFileType = sourcecode.swift; path = Assets.swift; sourceTree = "<group>"; };
		0AD7BE142CBD7AC100428D02 /* LaunchJMInstaller.command */ = {isa = PBXFileReference; lastKnownFileType = text.script.sh; path = LaunchJMInstaller.command; sourceTree = "<group>"; };
		0AD7BE162CBD8DA000428D02 /* JoinMarket.swift */ = {isa = PBXFileReference; lastKnownFileType = sourcecode.swift; path = JoinMarket.swift; sourceTree = "<group>"; };
		0AD7BE182CBD919600428D02 /* JMRPC.swift */ = {isa = PBXFileReference; lastKnownFileType = sourcecode.swift; path = JMRPC.swift; sourceTree = "<group>"; };
		0AD7BE1A2CBD921100428D02 /* Commands.swift */ = {isa = PBXFileReference; lastKnownFileType = sourcecode.swift; path = Commands.swift; sourceTree = "<group>"; };
		0AD7BE1C2CBD923300428D02 /* JMWallet.swift */ = {isa = PBXFileReference; lastKnownFileType = sourcecode.swift; path = JMWallet.swift; sourceTree = "<group>"; };
		0AD7BE202CC2B1F100428D02 /* StartJm.command */ = {isa = PBXFileReference; lastKnownFileType = text.script.sh; path = StartJm.command; sourceTree = "<group>"; };
		0AD7BE222CC2B47400428D02 /* LaunchJMStarter.command */ = {isa = PBXFileReference; lastKnownFileType = text.script.sh; path = LaunchJMStarter.command; sourceTree = "<group>"; };
		0AD7BE242CC2BCEF00428D02 /* StopJm.command */ = {isa = PBXFileReference; lastKnownFileType = text.script.sh; path = StopJm.command; sourceTree = "<group>"; };
		0AF736202D00D0900026FE0A /* Help.swift */ = {isa = PBXFileReference; lastKnownFileType = sourcecode.swift; path = Help.swift; sourceTree = "<group>"; };
		1B8BA5D0924A1AE2EC951616 /* Pods-FullyNoded-Server.debug.xcconfig */ = {isa = PBXFileReference; includeInIndex = 1; lastKnownFileType = text.xcconfig; name = "Pods-FullyNoded-Server.debug.xcconfig"; path = "Target Support Files/Pods-FullyNoded-Server/Pods-FullyNoded-Server.debug.xcconfig"; sourceTree = "<group>"; };
		593A891E2CE28334001504F0 /* IncreaseGapLimit.command */ = {isa = PBXFileReference; lastKnownFileType = text.script.sh; path = IncreaseGapLimit.command; sourceTree = "<group>"; };
		593A89202CE28400001504F0 /* LaunchIncreaseGapLimit.command */ = {isa = PBXFileReference; lastKnownFileType = text.script.sh; path = LaunchIncreaseGapLimit.command; sourceTree = "<group>"; };
		593A89222CE511F8001504F0 /* FNIcon.swift */ = {isa = PBXFileReference; lastKnownFileType = sourcecode.swift; path = FNIcon.swift; sourceTree = "<group>"; };
		593A89242CE519B3001504F0 /* LaunchObWatcher.command */ = {isa = PBXFileReference; lastKnownFileType = text.script.sh; path = LaunchObWatcher.command; sourceTree = "<group>"; };
		593A89262CE51A35001504F0 /* ObWatcher.command */ = {isa = PBXFileReference; lastKnownFileType = text.script.sh; path = ObWatcher.command; sourceTree = "<group>"; };
		593A89282CE6797C001504F0 /* Entity.swift */ = {isa = PBXFileReference; lastKnownFileType = sourcecode.swift; path = Entity.swift; sourceTree = "<group>"; };
		D69717EDC523941317071BC8 /* Pods_FullyNoded_Server.framework */ = {isa = PBXFileReference; explicitFileType = wrapper.framework; includeInIndex = 0; path = Pods_FullyNoded_Server.framework; sourceTree = BUILT_PRODUCTS_DIR; };
		DEFA9324C99AAF1DC60AC76C /* Pods-FullyNoded-Server.release.xcconfig */ = {isa = PBXFileReference; includeInIndex = 1; lastKnownFileType = text.xcconfig; name = "Pods-FullyNoded-Server.release.xcconfig"; path = "Target Support Files/Pods-FullyNoded-Server/Pods-FullyNoded-Server.release.xcconfig"; sourceTree = "<group>"; };
/* End PBXFileReference section */

/* Begin PBXFrameworksBuildPhase section */
		0AA6922E2C7F831D00366192 /* Frameworks */ = {
			isa = PBXFrameworksBuildPhase;
			buildActionMask = 2147483647;
			files = (
				BF3EE5E9CBA2EF2BFB961A21 /* Pods_FullyNoded_Server.framework in Frameworks */,
			);
			runOnlyForDeploymentPostprocessing = 0;
		};
/* End PBXFrameworksBuildPhase section */

/* Begin PBXGroup section */
		0A5CE8E92C91F31600534A8D /* Views */ = {
			isa = PBXGroup;
			children = (
				0AA6923B2C7F831D00366192 /* ContentView.swift */,
				0AA692482C7F874900366192 /* BitcoinCore.swift */,
				0A5CE8E72C91F2E500534A8D /* CoreLightning.swift */,
				0AA6926F2C7F962A00366192 /* Home.swift */,
				0A9822E22CA42BEC008DB52E /* TaggedReleasesView.swift */,
				0AD7BE0E2CB980D500428D02 /* JoinMarketTaggedReleases.swift */,
				0AD7BE162CBD8DA000428D02 /* JoinMarket.swift */,
				593A89222CE511F8001504F0 /* FNIcon.swift */,
				0AF736202D00D0900026FE0A /* Help.swift */,
			);
			path = Views;
			sourceTree = "<group>";
		};
		0A5CE8EA2C91F32000534A8D /* Core Data */ = {
			isa = PBXGroup;
			children = (
				0A5CE8E32C91EA2C00534A8D /* DataManager.swift */,
			);
			path = "Core Data";
			sourceTree = "<group>";
		};
		0A5CE8EB2C91F5FC00534A8D /* Models */ = {
			isa = PBXGroup;
			children = (
				0A5CE8D32C89EE1C00534A8D /* Credentials.swift */,
				0A5CE8E52C91EC6800534A8D /* BitcoinEnv.swift */,
				0A9822E02CA4263E008DB52E /* GithubReleases.swift */,
				0A573E242CB435F200899F84 /* GetInfo.swift */,
				0A573E322CB578B300899F84 /* Rune.swift */,
				0AD7BE122CBD6F1000428D02 /* Assets.swift */,
				0AD7BE1C2CBD923300428D02 /* JMWallet.swift */,
				0AA43FCF2CCE1B3D0049D4AD /* BlockchainInfo.swift */,
				593A89282CE6797C001504F0 /* Entity.swift */,
			);
			path = Models;
			sourceTree = "<group>";
		};
		0A5CE8EC2C91F7E900534A8D /* Helpers */ = {
			isa = PBXGroup;
			children = (
				0AA692712C80B01A00366192 /* BitcoinRPC.swift */,
				0AA6924A2C7F89E800366192 /* Script.swift */,
				0A5CE8C52C89E87100534A8D /* LatestBtcCoreRelease.swift */,
				0A5CE8C72C89EB2400534A8D /* InstallBtcCore.swift */,
				0A5CE8C92C89EB8100534A8D /* BitcoinConf.swift */,
				0A5CE8CB2C89EBB300534A8D /* Defaults.swift */,
				0A5CE8CD2C89EC1F00534A8D /* RPCAuth.swift */,
				0A5CE8ED2C91F9F500534A8D /* Crypto.swift */,
				0A5CE8EF2C91FA1800534A8D /* KeyChain.swift */,
				0A573E192CA4715400899F84 /* TorClient.swift */,
				0A573E1E2CADC5CF00899F84 /* Torrc.swift */,
				0AD7BE0C2CB97F4100428D02 /* LatestJoinMarketRelease.swift */,
				0AD7BE182CBD919600428D02 /* JMRPC.swift */,
				0AD7BE1A2CBD921100428D02 /* Commands.swift */,
			);
			path = Helpers;
			sourceTree = "<group>";
		};
		0AA692282C7F831D00366192 = {
			isa = PBXGroup;
			children = (
				0AA692332C7F831D00366192 /* FullyNoded-Server */,
				0AA692322C7F831D00366192 /* Products */,
				A2BB46EEFE020407EAA5D643 /* Pods */,
				B46C201EBCA0A4648795DD2E /* Frameworks */,
			);
			sourceTree = "<group>";
		};
		0AA692322C7F831D00366192 /* Products */ = {
			isa = PBXGroup;
			children = (
				0AA692312C7F831D00366192 /* FullyNoded-Server.app */,
			);
			name = Products;
			sourceTree = "<group>";
		};
		0AA692332C7F831D00366192 /* FullyNoded-Server */ = {
			isa = PBXGroup;
			children = (
				0A573E1B2CA47BC900899F84 /* Info.plist */,
				0A5CE8EC2C91F7E900534A8D /* Helpers */,
				0AA6925D2C7F8EC700366192 /* Scripts */,
				0AA692342C7F831D00366192 /* FullyNoded_ServerApp.swift */,
				0A5CE8E92C91F31600534A8D /* Views */,
				0AA6923D2C7F831F00366192 /* Assets.xcassets */,
				0AA6923F2C7F831F00366192 /* FullyNoded_Server.entitlements */,
				0AA692382C7F831D00366192 /* FullyNoded_Server.xcdatamodeld */,
				0AA692402C7F831F00366192 /* Preview Content */,
				0A5CE8CF2C89EC3700534A8D /* Extensions.swift */,
				0A5CE8EB2C91F5FC00534A8D /* Models */,
				0A5CE8EA2C91F32000534A8D /* Core Data */,
			);
			path = "FullyNoded-Server";
			sourceTree = "<group>";
		};
		0AA692402C7F831F00366192 /* Preview Content */ = {
			isa = PBXGroup;
			children = (
				0AA692412C7F831F00366192 /* Preview Assets.xcassets */,
			);
			path = "Preview Content";
			sourceTree = "<group>";
		};
		0AA6925D2C7F8EC700366192 /* Scripts */ = {
			isa = PBXGroup;
			children = (
				0AA6924C2C7F8EC700366192 /* CheckForBitcoinCore.command */,
				0AA6924D2C7F8EC700366192 /* CheckXCodeSelect.command */,
				0AA6924F2C7F8EC700366192 /* InstallBrew.command */,
				0AA692502C7F8EC700366192 /* InstallXcode.command */,
				0AA692512C7F8EC700366192 /* IsProcessRunning.command */,
				0AA692522C7F8EC700366192 /* LaunchBrewInstall.command */,
				0AA692532C7F8EC700366192 /* LaunchInstaller.command */,
				0AA692542C7F8EC700366192 /* LaunchStrap.command */,
				0AA692552C7F8EC700366192 /* LaunchVerifier.command */,
				0AA692562C7F8EC700366192 /* LaunchXcodeInstall.command */,
				0AA692572C7F8EC700366192 /* OpenFile.command */,
				0AA692582C7F8EC700366192 /* InstallBitcoin.command */,
				0AA692592C7F8EC700366192 /* StartBitcoin.command */,
				0AA6925A2C7F8EC700366192 /* StopBitcoin.command */,
				0AA6925B2C7F8EC700366192 /* Strap.command */,
				0AA6925C2C7F8EC700366192 /* Verify.command */,
				0A5CE8D92C8A181D00534A8D /* BrewInstalled.command */,
				0A5CE8DB2C8A1DAA00534A8D /* InstallLightning.command */,
				0A5CE8DD2C8A225A00534A8D /* LaunchLightningInstall.command */,
				0A5CE8DF2C8A2ADE00534A8D /* CheckForLightning.command */,
				0A5CE8E12C8A2F4000534A8D /* IsLightningOn.command */,
				0A5CE8F12C91FE2A00534A8D /* StartLightning.command */,
				0A5CE8F52C92013900534A8D /* StopLightning.command */,
				0A573E1C2CADC15400899F84 /* KillBitcoind.command */,
				0A573E222CB432D200899F84 /* LightningNodeId.command */,
				0A573E302CB577D100899F84 /* GetRune.command */,
				0AD7BE102CBD6AA500428D02 /* InstallJoinMarket.command */,
				0AD7BE142CBD7AC100428D02 /* LaunchJMInstaller.command */,
				0AD7BE202CC2B1F100428D02 /* StartJm.command */,
				0AD7BE222CC2B47400428D02 /* LaunchJMStarter.command */,
				0AD7BE242CC2BCEF00428D02 /* StopJm.command */,
				0A0632AF2CD06B470059FAD4 /* Reindex.command */,
				593A891E2CE28334001504F0 /* IncreaseGapLimit.command */,
				593A89202CE28400001504F0 /* LaunchIncreaseGapLimit.command */,
				593A89242CE519B3001504F0 /* LaunchObWatcher.command */,
				593A89262CE51A35001504F0 /* ObWatcher.command */,
				0AC92C2A2CFE5F4600F10EC6 /* UpdateLightning.command */,
				0AC92C2C2CFE5FC300F10EC6 /* LaunchUpdateLightning.command */,
			);
			path = Scripts;
			sourceTree = "<group>";
		};
		A2BB46EEFE020407EAA5D643 /* Pods */ = {
			isa = PBXGroup;
			children = (
				1B8BA5D0924A1AE2EC951616 /* Pods-FullyNoded-Server.debug.xcconfig */,
				DEFA9324C99AAF1DC60AC76C /* Pods-FullyNoded-Server.release.xcconfig */,
			);
			path = Pods;
			sourceTree = "<group>";
		};
		B46C201EBCA0A4648795DD2E /* Frameworks */ = {
			isa = PBXGroup;
			children = (
				D69717EDC523941317071BC8 /* Pods_FullyNoded_Server.framework */,
			);
			name = Frameworks;
			sourceTree = "<group>";
		};
/* End PBXGroup section */

/* Begin PBXNativeTarget section */
		0AA692302C7F831D00366192 /* FullyNoded-Server */ = {
			isa = PBXNativeTarget;
			buildConfigurationList = 0AA692452C7F831F00366192 /* Build configuration list for PBXNativeTarget "FullyNoded-Server" */;
			buildPhases = (
				E9ADCC8307D7D482E667D07F /* [CP] Check Pods Manifest.lock */,
				0AA6922D2C7F831D00366192 /* Sources */,
				0AA6922E2C7F831D00366192 /* Frameworks */,
				0AA6922F2C7F831D00366192 /* Resources */,
				4BCFDEABA43396A1A63A65D4 /* [CP] Embed Pods Frameworks */,
			);
			buildRules = (
			);
			dependencies = (
			);
			name = "FullyNoded-Server";
			packageProductDependencies = (
			);
			productName = "FullyNoded-Server";
			productReference = 0AA692312C7F831D00366192 /* FullyNoded-Server.app */;
			productType = "com.apple.product-type.application";
		};
/* End PBXNativeTarget section */

/* Begin PBXProject section */
		0AA692292C7F831D00366192 /* Project object */ = {
			isa = PBXProject;
			attributes = {
				BuildIndependentTargetsInParallel = 1;
				LastSwiftUpdateCheck = 1540;
				LastUpgradeCheck = 1540;
				TargetAttributes = {
					0AA692302C7F831D00366192 = {
						CreatedOnToolsVersion = 15.4;
					};
				};
			};
			buildConfigurationList = 0AA6922C2C7F831D00366192 /* Build configuration list for PBXProject "FullyNoded-Server" */;
			compatibilityVersion = "Xcode 14.0";
			developmentRegion = en;
			hasScannedForEncodings = 0;
			knownRegions = (
				en,
				Base,
			);
			mainGroup = 0AA692282C7F831D00366192;
			packageReferences = (
			);
			productRefGroup = 0AA692322C7F831D00366192 /* Products */;
			projectDirPath = "";
			projectRoot = "";
			targets = (
				0AA692302C7F831D00366192 /* FullyNoded-Server */,
			);
		};
/* End PBXProject section */

/* Begin PBXResourcesBuildPhase section */
		0AA6922F2C7F831D00366192 /* Resources */ = {
			isa = PBXResourcesBuildPhase;
			buildActionMask = 2147483647;
			files = (
				0AA6926A2C7F8EC700366192 /* InstallBitcoin.command in Resources */,
				0AA692422C7F831F00366192 /* Preview Assets.xcassets in Resources */,
				0AA692632C7F8EC700366192 /* IsProcessRunning.command in Resources */,
				0AA692672C7F8EC700366192 /* LaunchVerifier.command in Resources */,
				0AC92C2D2CFE5FC300F10EC6 /* LaunchUpdateLightning.command in Resources */,
				593A89272CE51A35001504F0 /* ObWatcher.command in Resources */,
				0AA692612C7F8EC700366192 /* InstallBrew.command in Resources */,
				0AA6926C2C7F8EC700366192 /* StopBitcoin.command in Resources */,
				0AD7BE152CBD7AC100428D02 /* LaunchJMInstaller.command in Resources */,
				0AA692642C7F8EC700366192 /* LaunchBrewInstall.command in Resources */,
				0AA6926D2C7F8EC700366192 /* Strap.command in Resources */,
				0AD7BE212CC2B1F100428D02 /* StartJm.command in Resources */,
				0AA6926B2C7F8EC700366192 /* StartBitcoin.command in Resources */,
				0AA692622C7F8EC700366192 /* InstallXcode.command in Resources */,
				0A5CE8DA2C8A181D00534A8D /* BrewInstalled.command in Resources */,
				0AA692692C7F8EC700366192 /* OpenFile.command in Resources */,
				0AD7BE252CC2BCEF00428D02 /* StopJm.command in Resources */,
				0A5CE8DE2C8A225A00534A8D /* LaunchLightningInstall.command in Resources */,
				0A5CE8F22C91FE2A00534A8D /* StartLightning.command in Resources */,
				0AA6923E2C7F831F00366192 /* Assets.xcassets in Resources */,
				593A89212CE28400001504F0 /* LaunchIncreaseGapLimit.command in Resources */,
				0A5CE8F62C92013D00534A8D /* StopLightning.command in Resources */,
				0AD7BE112CBD6AA500428D02 /* InstallJoinMarket.command in Resources */,
				0AA6925F2C7F8EC700366192 /* CheckXCodeSelect.command in Resources */,
				0A5CE8DC2C8A1DAA00534A8D /* InstallLightning.command in Resources */,
				593A89252CE519B3001504F0 /* LaunchObWatcher.command in Resources */,
				0AD7BE232CC2B47400428D02 /* LaunchJMStarter.command in Resources */,
				0A573E232CB432D200899F84 /* LightningNodeId.command in Resources */,
				0AA6926E2C7F8EC700366192 /* Verify.command in Resources */,
				0AA692662C7F8EC700366192 /* LaunchStrap.command in Resources */,
				0A573E1D2CADC15400899F84 /* KillBitcoind.command in Resources */,
				0A0632B02CD06B470059FAD4 /* Reindex.command in Resources */,
				0A5CE8E22C8A2F4000534A8D /* IsLightningOn.command in Resources */,
				593A891F2CE28334001504F0 /* IncreaseGapLimit.command in Resources */,
				0AA6925E2C7F8EC700366192 /* CheckForBitcoinCore.command in Resources */,
				0A573E312CB577D100899F84 /* GetRune.command in Resources */,
				0AA692682C7F8EC700366192 /* LaunchXcodeInstall.command in Resources */,
				0AC92C2B2CFE5F4600F10EC6 /* UpdateLightning.command in Resources */,
				0AA692652C7F8EC700366192 /* LaunchInstaller.command in Resources */,
				0A5CE8E02C8A2ADE00534A8D /* CheckForLightning.command in Resources */,
			);
			runOnlyForDeploymentPostprocessing = 0;
		};
/* End PBXResourcesBuildPhase section */

/* Begin PBXShellScriptBuildPhase section */
		4BCFDEABA43396A1A63A65D4 /* [CP] Embed Pods Frameworks */ = {
			isa = PBXShellScriptBuildPhase;
			buildActionMask = 2147483647;
			files = (
			);
			inputFileListPaths = (
				"${PODS_ROOT}/Target Support Files/Pods-FullyNoded-Server/Pods-FullyNoded-Server-frameworks-${CONFIGURATION}-input-files.xcfilelist",
			);
			name = "[CP] Embed Pods Frameworks";
			outputFileListPaths = (
				"${PODS_ROOT}/Target Support Files/Pods-FullyNoded-Server/Pods-FullyNoded-Server-frameworks-${CONFIGURATION}-output-files.xcfilelist",
			);
			runOnlyForDeploymentPostprocessing = 0;
			shellPath = /bin/sh;
			shellScript = "\"${PODS_ROOT}/Target Support Files/Pods-FullyNoded-Server/Pods-FullyNoded-Server-frameworks.sh\"\n";
			showEnvVarsInLog = 0;
		};
		E9ADCC8307D7D482E667D07F /* [CP] Check Pods Manifest.lock */ = {
			isa = PBXShellScriptBuildPhase;
			buildActionMask = 2147483647;
			files = (
			);
			inputFileListPaths = (
			);
			inputPaths = (
				"${PODS_PODFILE_DIR_PATH}/Podfile.lock",
				"${PODS_ROOT}/Manifest.lock",
			);
			name = "[CP] Check Pods Manifest.lock";
			outputFileListPaths = (
			);
			outputPaths = (
				"$(DERIVED_FILE_DIR)/Pods-FullyNoded-Server-checkManifestLockResult.txt",
			);
			runOnlyForDeploymentPostprocessing = 0;
			shellPath = /bin/sh;
			shellScript = "diff \"${PODS_PODFILE_DIR_PATH}/Podfile.lock\" \"${PODS_ROOT}/Manifest.lock\" > /dev/null\nif [ $? != 0 ] ; then\n    # print error to STDERR\n    echo \"error: The sandbox is not in sync with the Podfile.lock. Run 'pod install' or update your CocoaPods installation.\" >&2\n    exit 1\nfi\n# This output is used by Xcode 'outputs' to avoid re-running this script phase.\necho \"SUCCESS\" > \"${SCRIPT_OUTPUT_FILE_0}\"\n";
			showEnvVarsInLog = 0;
		};
/* End PBXShellScriptBuildPhase section */

/* Begin PBXSourcesBuildPhase section */
		0AA6922D2C7F831D00366192 /* Sources */ = {
			isa = PBXSourcesBuildPhase;
			buildActionMask = 2147483647;
			files = (
				0A573E1F2CADC5CF00899F84 /* Torrc.swift in Sources */,
				0AD7BE0F2CB980D500428D02 /* JoinMarketTaggedReleases.swift in Sources */,
				0AF736212D00D0900026FE0A /* Help.swift in Sources */,
				0AD7BE192CBD919600428D02 /* JMRPC.swift in Sources */,
				0AA6924B2C7F89E800366192 /* Script.swift in Sources */,
				0AD7BE0D2CB97F4100428D02 /* LatestJoinMarketRelease.swift in Sources */,
				0A5CE8CC2C89EBB300534A8D /* Defaults.swift in Sources */,
				0A5CE8C62C89E87100534A8D /* LatestBtcCoreRelease.swift in Sources */,
				0A5CE8CA2C89EB8100534A8D /* BitcoinConf.swift in Sources */,
				0AA692492C7F874900366192 /* BitcoinCore.swift in Sources */,
				0AD7BE1D2CBD923300428D02 /* JMWallet.swift in Sources */,
				0AD7BE132CBD6F1000428D02 /* Assets.swift in Sources */,
				0A573E252CB435F200899F84 /* GetInfo.swift in Sources */,
				593A89232CE511F8001504F0 /* FNIcon.swift in Sources */,
				0A5CE8EE2C91F9F500534A8D /* Crypto.swift in Sources */,
				0A5CE8E62C91EC6800534A8D /* BitcoinEnv.swift in Sources */,
				0A5CE8CE2C89EC1F00534A8D /* RPCAuth.swift in Sources */,
				593A89292CE6797C001504F0 /* Entity.swift in Sources */,
				0A573E1A2CA4715500899F84 /* TorClient.swift in Sources */,
				0AA692352C7F831D00366192 /* FullyNoded_ServerApp.swift in Sources */,
				0AA692722C80B01A00366192 /* BitcoinRPC.swift in Sources */,
				0A5CE8E42C91EA2C00534A8D /* DataManager.swift in Sources */,
				0AA43FD02CCE1B3D0049D4AD /* BlockchainInfo.swift in Sources */,
				0AA6923C2C7F831D00366192 /* ContentView.swift in Sources */,
				0A9822E12CA4263E008DB52E /* GithubReleases.swift in Sources */,
				0A5CE8E82C91F2E500534A8D /* CoreLightning.swift in Sources */,
				0A5CE8D42C89EE1C00534A8D /* Credentials.swift in Sources */,
				0A5CE8D02C89EC3700534A8D /* Extensions.swift in Sources */,
				0A5CE8C82C89EB2400534A8D /* InstallBtcCore.swift in Sources */,
				0A5CE8F02C91FA1800534A8D /* KeyChain.swift in Sources */,
				0AA6923A2C7F831D00366192 /* FullyNoded_Server.xcdatamodeld in Sources */,
				0AD7BE1B2CBD921100428D02 /* Commands.swift in Sources */,
				0A9822E32CA42BEC008DB52E /* TaggedReleasesView.swift in Sources */,
				0AD7BE172CBD8DA000428D02 /* JoinMarket.swift in Sources */,
				0AA692702C7F962A00366192 /* Home.swift in Sources */,
				0A573E332CB578B300899F84 /* Rune.swift in Sources */,
			);
			runOnlyForDeploymentPostprocessing = 0;
		};
/* End PBXSourcesBuildPhase section */

/* Begin XCBuildConfiguration section */
		0AA692432C7F831F00366192 /* Debug */ = {
			isa = XCBuildConfiguration;
			buildSettings = {
				ALWAYS_SEARCH_USER_PATHS = NO;
				ASSETCATALOG_COMPILER_GENERATE_SWIFT_ASSET_SYMBOL_EXTENSIONS = YES;
				CLANG_ANALYZER_NONNULL = YES;
				CLANG_ANALYZER_NUMBER_OBJECT_CONVERSION = YES_AGGRESSIVE;
				CLANG_CXX_LANGUAGE_STANDARD = "gnu++20";
				CLANG_ENABLE_MODULES = YES;
				CLANG_ENABLE_OBJC_ARC = YES;
				CLANG_ENABLE_OBJC_WEAK = YES;
				CLANG_WARN_BLOCK_CAPTURE_AUTORELEASING = YES;
				CLANG_WARN_BOOL_CONVERSION = YES;
				CLANG_WARN_COMMA = YES;
				CLANG_WARN_CONSTANT_CONVERSION = YES;
				CLANG_WARN_DEPRECATED_OBJC_IMPLEMENTATIONS = YES;
				CLANG_WARN_DIRECT_OBJC_ISA_USAGE = YES_ERROR;
				CLANG_WARN_DOCUMENTATION_COMMENTS = YES;
				CLANG_WARN_EMPTY_BODY = YES;
				CLANG_WARN_ENUM_CONVERSION = YES;
				CLANG_WARN_INFINITE_RECURSION = YES;
				CLANG_WARN_INT_CONVERSION = YES;
				CLANG_WARN_NON_LITERAL_NULL_CONVERSION = YES;
				CLANG_WARN_OBJC_IMPLICIT_RETAIN_SELF = YES;
				CLANG_WARN_OBJC_LITERAL_CONVERSION = YES;
				CLANG_WARN_OBJC_ROOT_CLASS = YES_ERROR;
				CLANG_WARN_QUOTED_INCLUDE_IN_FRAMEWORK_HEADER = YES;
				CLANG_WARN_RANGE_LOOP_ANALYSIS = YES;
				CLANG_WARN_STRICT_PROTOTYPES = YES;
				CLANG_WARN_SUSPICIOUS_MOVE = YES;
				CLANG_WARN_UNGUARDED_AVAILABILITY = YES_AGGRESSIVE;
				CLANG_WARN_UNREACHABLE_CODE = YES;
				CLANG_WARN__DUPLICATE_METHOD_MATCH = YES;
				COPY_PHASE_STRIP = NO;
				DEBUG_INFORMATION_FORMAT = dwarf;
				ENABLE_STRICT_OBJC_MSGSEND = YES;
				ENABLE_TESTABILITY = YES;
				ENABLE_USER_SCRIPT_SANDBOXING = YES;
				GCC_C_LANGUAGE_STANDARD = gnu17;
				GCC_DYNAMIC_NO_PIC = NO;
				GCC_NO_COMMON_BLOCKS = YES;
				GCC_OPTIMIZATION_LEVEL = 0;
				GCC_PREPROCESSOR_DEFINITIONS = (
					"DEBUG=1",
					"$(inherited)",
				);
				GCC_WARN_64_TO_32_BIT_CONVERSION = YES;
				GCC_WARN_ABOUT_RETURN_TYPE = YES_ERROR;
				GCC_WARN_UNDECLARED_SELECTOR = YES;
				GCC_WARN_UNINITIALIZED_AUTOS = YES_AGGRESSIVE;
				GCC_WARN_UNUSED_FUNCTION = YES;
				GCC_WARN_UNUSED_VARIABLE = YES;
				LOCALIZATION_PREFERS_STRING_CATALOGS = YES;
				MTL_ENABLE_DEBUG_INFO = INCLUDE_SOURCE;
				MTL_FAST_MATH = YES;
				ONLY_ACTIVE_ARCH = YES;
				SWIFT_ACTIVE_COMPILATION_CONDITIONS = "DEBUG $(inherited)";
				SWIFT_OPTIMIZATION_LEVEL = "-Onone";
			};
			name = Debug;
		};
		0AA692442C7F831F00366192 /* Release */ = {
			isa = XCBuildConfiguration;
			buildSettings = {
				ALWAYS_SEARCH_USER_PATHS = NO;
				ASSETCATALOG_COMPILER_GENERATE_SWIFT_ASSET_SYMBOL_EXTENSIONS = YES;
				CLANG_ANALYZER_NONNULL = YES;
				CLANG_ANALYZER_NUMBER_OBJECT_CONVERSION = YES_AGGRESSIVE;
				CLANG_CXX_LANGUAGE_STANDARD = "gnu++20";
				CLANG_ENABLE_MODULES = YES;
				CLANG_ENABLE_OBJC_ARC = YES;
				CLANG_ENABLE_OBJC_WEAK = YES;
				CLANG_WARN_BLOCK_CAPTURE_AUTORELEASING = YES;
				CLANG_WARN_BOOL_CONVERSION = YES;
				CLANG_WARN_COMMA = YES;
				CLANG_WARN_CONSTANT_CONVERSION = YES;
				CLANG_WARN_DEPRECATED_OBJC_IMPLEMENTATIONS = YES;
				CLANG_WARN_DIRECT_OBJC_ISA_USAGE = YES_ERROR;
				CLANG_WARN_DOCUMENTATION_COMMENTS = YES;
				CLANG_WARN_EMPTY_BODY = YES;
				CLANG_WARN_ENUM_CONVERSION = YES;
				CLANG_WARN_INFINITE_RECURSION = YES;
				CLANG_WARN_INT_CONVERSION = YES;
				CLANG_WARN_NON_LITERAL_NULL_CONVERSION = YES;
				CLANG_WARN_OBJC_IMPLICIT_RETAIN_SELF = YES;
				CLANG_WARN_OBJC_LITERAL_CONVERSION = YES;
				CLANG_WARN_OBJC_ROOT_CLASS = YES_ERROR;
				CLANG_WARN_QUOTED_INCLUDE_IN_FRAMEWORK_HEADER = YES;
				CLANG_WARN_RANGE_LOOP_ANALYSIS = YES;
				CLANG_WARN_STRICT_PROTOTYPES = YES;
				CLANG_WARN_SUSPICIOUS_MOVE = YES;
				CLANG_WARN_UNGUARDED_AVAILABILITY = YES_AGGRESSIVE;
				CLANG_WARN_UNREACHABLE_CODE = YES;
				CLANG_WARN__DUPLICATE_METHOD_MATCH = YES;
				COPY_PHASE_STRIP = NO;
				DEBUG_INFORMATION_FORMAT = "dwarf-with-dsym";
				ENABLE_NS_ASSERTIONS = NO;
				ENABLE_STRICT_OBJC_MSGSEND = YES;
				ENABLE_USER_SCRIPT_SANDBOXING = YES;
				GCC_C_LANGUAGE_STANDARD = gnu17;
				GCC_NO_COMMON_BLOCKS = YES;
				GCC_WARN_64_TO_32_BIT_CONVERSION = YES;
				GCC_WARN_ABOUT_RETURN_TYPE = YES_ERROR;
				GCC_WARN_UNDECLARED_SELECTOR = YES;
				GCC_WARN_UNINITIALIZED_AUTOS = YES_AGGRESSIVE;
				GCC_WARN_UNUSED_FUNCTION = YES;
				GCC_WARN_UNUSED_VARIABLE = YES;
				LOCALIZATION_PREFERS_STRING_CATALOGS = YES;
				MTL_ENABLE_DEBUG_INFO = NO;
				MTL_FAST_MATH = YES;
				SWIFT_COMPILATION_MODE = wholemodule;
			};
			name = Release;
		};
		0AA692462C7F831F00366192 /* Debug */ = {
			isa = XCBuildConfiguration;
			baseConfigurationReference = 1B8BA5D0924A1AE2EC951616 /* Pods-FullyNoded-Server.debug.xcconfig */;
			buildSettings = {
				ASSETCATALOG_COMPILER_APPICON_NAME = AppIcon;
				ASSETCATALOG_COMPILER_GLOBAL_ACCENT_COLOR_NAME = AccentColor;
				ASSETCATALOG_COMPILER_INCLUDE_ALL_APPICON_ASSETS = YES;
				CODE_SIGN_ENTITLEMENTS = "FullyNoded-Server/FullyNoded_Server.entitlements";
				CODE_SIGN_STYLE = Automatic;
				CURRENT_PROJECT_VERSION = 1;
				DEVELOPMENT_ASSET_PATHS = "\"FullyNoded-Server/Preview Content\"";
				DEVELOPMENT_TEAM = 8JHDU5M9KD;
				ENABLE_HARDENED_RUNTIME = YES;
				ENABLE_PREVIEWS = YES;
				ENABLE_USER_SCRIPT_SANDBOXING = NO;
				GENERATE_INFOPLIST_FILE = YES;
				INFOPLIST_FILE = "FullyNoded-Server/Info.plist";
				INFOPLIST_KEY_CFBundleDisplayName = "FN Server - v0.0.3 Beta";
				"INFOPLIST_KEY_UIApplicationSceneManifest_Generation[sdk=iphoneos*]" = YES;
				"INFOPLIST_KEY_UIApplicationSceneManifest_Generation[sdk=iphonesimulator*]" = YES;
				"INFOPLIST_KEY_UIApplicationSupportsIndirectInputEvents[sdk=iphoneos*]" = YES;
				"INFOPLIST_KEY_UIApplicationSupportsIndirectInputEvents[sdk=iphonesimulator*]" = YES;
				"INFOPLIST_KEY_UILaunchScreen_Generation[sdk=iphoneos*]" = YES;
				"INFOPLIST_KEY_UILaunchScreen_Generation[sdk=iphonesimulator*]" = YES;
				"INFOPLIST_KEY_UIStatusBarStyle[sdk=iphoneos*]" = UIStatusBarStyleDefault;
				"INFOPLIST_KEY_UIStatusBarStyle[sdk=iphonesimulator*]" = UIStatusBarStyleDefault;
				INFOPLIST_KEY_UISupportedInterfaceOrientations_iPad = "UIInterfaceOrientationPortrait UIInterfaceOrientationPortraitUpsideDown UIInterfaceOrientationLandscapeLeft UIInterfaceOrientationLandscapeRight";
				INFOPLIST_KEY_UISupportedInterfaceOrientations_iPhone = "UIInterfaceOrientationPortrait UIInterfaceOrientationLandscapeLeft UIInterfaceOrientationLandscapeRight";
				IPHONEOS_DEPLOYMENT_TARGET = 17.5;
				LD_RUNPATH_SEARCH_PATHS = "@executable_path/Frameworks";
				"LD_RUNPATH_SEARCH_PATHS[sdk=macosx*]" = "@executable_path/../Frameworks";
				MACOSX_DEPLOYMENT_TARGET = 14.0;
				MARKETING_VERSION = 0.0.3;
				PRODUCT_BUNDLE_IDENTIFIER = "com.dentonllc.FullyNoded-Server";
				PRODUCT_NAME = "$(TARGET_NAME)";
				SDKROOT = auto;
				SUPPORTED_PLATFORMS = "iphoneos iphonesimulator macosx";
				SWIFT_EMIT_LOC_STRINGS = YES;
				SWIFT_VERSION = 5.0;
				TARGETED_DEVICE_FAMILY = "1,2";
			};
			name = Debug;
		};
		0AA692472C7F831F00366192 /* Release */ = {
			isa = XCBuildConfiguration;
			baseConfigurationReference = DEFA9324C99AAF1DC60AC76C /* Pods-FullyNoded-Server.release.xcconfig */;
			buildSettings = {
				ASSETCATALOG_COMPILER_APPICON_NAME = AppIcon;
				ASSETCATALOG_COMPILER_GLOBAL_ACCENT_COLOR_NAME = AccentColor;
				ASSETCATALOG_COMPILER_INCLUDE_ALL_APPICON_ASSETS = YES;
				CODE_SIGN_ENTITLEMENTS = "FullyNoded-Server/FullyNoded_Server.entitlements";
				CODE_SIGN_STYLE = Automatic;
				CURRENT_PROJECT_VERSION = 1;
				DEVELOPMENT_ASSET_PATHS = "\"FullyNoded-Server/Preview Content\"";
				DEVELOPMENT_TEAM = 8JHDU5M9KD;
				ENABLE_HARDENED_RUNTIME = YES;
				ENABLE_PREVIEWS = YES;
				ENABLE_USER_SCRIPT_SANDBOXING = NO;
				GENERATE_INFOPLIST_FILE = YES;
				INFOPLIST_FILE = "FullyNoded-Server/Info.plist";
				INFOPLIST_KEY_CFBundleDisplayName = "FN Server - v0.0.3 Beta";
				"INFOPLIST_KEY_UIApplicationSceneManifest_Generation[sdk=iphoneos*]" = YES;
				"INFOPLIST_KEY_UIApplicationSceneManifest_Generation[sdk=iphonesimulator*]" = YES;
				"INFOPLIST_KEY_UIApplicationSupportsIndirectInputEvents[sdk=iphoneos*]" = YES;
				"INFOPLIST_KEY_UIApplicationSupportsIndirectInputEvents[sdk=iphonesimulator*]" = YES;
				"INFOPLIST_KEY_UILaunchScreen_Generation[sdk=iphoneos*]" = YES;
				"INFOPLIST_KEY_UILaunchScreen_Generation[sdk=iphonesimulator*]" = YES;
				"INFOPLIST_KEY_UIStatusBarStyle[sdk=iphoneos*]" = UIStatusBarStyleDefault;
				"INFOPLIST_KEY_UIStatusBarStyle[sdk=iphonesimulator*]" = UIStatusBarStyleDefault;
				INFOPLIST_KEY_UISupportedInterfaceOrientations_iPad = "UIInterfaceOrientationPortrait UIInterfaceOrientationPortraitUpsideDown UIInterfaceOrientationLandscapeLeft UIInterfaceOrientationLandscapeRight";
				INFOPLIST_KEY_UISupportedInterfaceOrientations_iPhone = "UIInterfaceOrientationPortrait UIInterfaceOrientationLandscapeLeft UIInterfaceOrientationLandscapeRight";
				IPHONEOS_DEPLOYMENT_TARGET = 17.5;
				LD_RUNPATH_SEARCH_PATHS = "@executable_path/Frameworks";
				"LD_RUNPATH_SEARCH_PATHS[sdk=macosx*]" = "@executable_path/../Frameworks";
				MACOSX_DEPLOYMENT_TARGET = 14.0;
				MARKETING_VERSION = 0.0.3;
				PRODUCT_BUNDLE_IDENTIFIER = "com.dentonllc.FullyNoded-Server";
				PRODUCT_NAME = "$(TARGET_NAME)";
				SDKROOT = auto;
				SUPPORTED_PLATFORMS = "iphoneos iphonesimulator macosx";
				SWIFT_EMIT_LOC_STRINGS = YES;
				SWIFT_VERSION = 5.0;
				TARGETED_DEVICE_FAMILY = "1,2";
			};
			name = Release;
		};
/* End XCBuildConfiguration section */

/* Begin XCConfigurationList section */
		0AA6922C2C7F831D00366192 /* Build configuration list for PBXProject "FullyNoded-Server" */ = {
			isa = XCConfigurationList;
			buildConfigurations = (
				0AA692432C7F831F00366192 /* Debug */,
				0AA692442C7F831F00366192 /* Release */,
			);
			defaultConfigurationIsVisible = 0;
			defaultConfigurationName = Release;
		};
		0AA692452C7F831F00366192 /* Build configuration list for PBXNativeTarget "FullyNoded-Server" */ = {
			isa = XCConfigurationList;
			buildConfigurations = (
				0AA692462C7F831F00366192 /* Debug */,
				0AA692472C7F831F00366192 /* Release */,
			);
			defaultConfigurationIsVisible = 0;
			defaultConfigurationName = Release;
		};
/* End XCConfigurationList section */

/* Begin XCVersionGroup section */
		0AA692382C7F831D00366192 /* FullyNoded_Server.xcdatamodeld */ = {
			isa = XCVersionGroup;
			children = (
				0AA692392C7F831D00366192 /* FullyNoded_Server.xcdatamodel */,
			);
			currentVersion = 0AA692392C7F831D00366192 /* FullyNoded_Server.xcdatamodel */;
			path = FullyNoded_Server.xcdatamodeld;
			sourceTree = "<group>";
			versionGroupType = wrapper.xcdatamodel;
		};
/* End XCVersionGroup section */
	};
	rootObject = 0AA692292C7F831D00366192 /* Project object */;
}
